<?xml version="1.0" encoding="UTF-8" standalone="yes" ?>
<CodeBlocks_project_file>
	<FileVersion major="1" minor="6" />
	<Project>
	<Unit filename="src/customizations.h" />
	<Unit filename="src/customizations.cpp" />
	<Unit filename="src/gui/gradientpanel.h" />
	<Unit filename="src/gui/gradientpanel.cpp" />
	<Unit filename="src/aui/slbook.cpp" />
	<Unit filename="src/aui/slbook.h" />
		<Option title="springlobby" />
		<Option pch_mode="0" />
		<Option compiler="gcc" />
		<Build>
			<Target title="GNU | Debug">
				<Option output="bin/GNU/Debug/springlobby" prefix_auto="0" extension_auto="0" />
				<Option working_dir="bin/GNU/Debug/" />
				<Option object_output="obj/GNU/Debug/" />
				<Option type="1" />
				<Option compiler="gcc" />
				<Option parameters='-cl -nc -s -c \&quot;Spring: 1944 SVN\&quot;' />
				<Option projectLinkerOptionsRelation="2" />
				<Compiler>
					<Add option="-Wall" />
					<Add option="-g" />
					<Add option="`wx-config --cflags`" />
					<Add option="`pkg-config --cflags libtorrent-rasterbar`" />
					<Add option="-Wno-strict-aliasing" />
					<Add option='-DVERSION=\\&quot;cb-Unix-Debug\\&quot;' />
					<Add option="-DNO_DEBUG_REPORT_UPLOAD" />
					<Add option="-DDISABLE_SOUND" />
				</Compiler>
				<Linker>
					<Add option="`wx-config --libs`" />
					<Add option="`pkg-config --libs libtorrent-rasterbar`" />
				</Linker>
				<ExtraCommands>
					<Add before="tools/test-susynclib.awk src/springunitsynclib.cpp" />
				</ExtraCommands>
			</Target>
			<Target title="GNU | Profile">
				<Option output="bin/GNU/Profile/springlobby" prefix_auto="0" extension_auto="0" />
				<Option working_dir="bin/GNU/Profile/" />
				<Option object_output="obj/GNU/Profile/" />
				<Option type="1" />
				<Option compiler="gcc" />
				<Option projectLinkerOptionsRelation="2" />
				<Compiler>
					<Add option="-O2" />
					<Add option="-Wall" />
					<Add option="-pg" />
					<Add option="-g" />
					<Add option="`wx-config --cflags`" />
					<Add option="`pkg-config --cflags libtorrent`" />
					<Add option="`sdl-config --cflags`" />
					<Add option='-DVERSION=\\&quot;0.0.1-git-cb\\&quot;' />
				</Compiler>
				<Linker>
					<Add option="-pg" />
					<Add option="`wx-config --libs`" />
					<Add option="`pkg-config --libs libtorrent-rasterbar`" />
				</Linker>
				<ExtraCommands>
					<Add before="tools/test-susynclib.awk src/springunitsynclib.cpp" />
				</ExtraCommands>
			</Target>
			<Target title="Win32 | Debug">
				<Option output="bin/Win32/Debug/springlobby" prefix_auto="0" extension_auto="1" />
				<Option working_dir="C:/wxWidgets2.8/lib/gcc_dll" />
				<Option object_output="obj/Win32/Debug/" />
				<Option type="0" />
				<Option compiler="gcc" />
				<Compiler>
					<Add option="-Wall" />
					<Add option="-g" />
					<Add option="-pipe" />
					<Add option="-mthreads" />
					<Add option="-Winvalid-pch" />
					<Add option="-D__GNUWIN32__" />
					<Add option="-D__WXMSW__" />
					<Add option="-DWXUSINGDLL" />
					<Add option="-DUSE_PCH" />
					<Add option="-D__DEBUG__" />
					<Add option="-D__WXDEBUG__" />
					<Add option="-DNO_DEBUG_REPORT_UPLOAD" />
				</Compiler>
				<Linker>
					<Add library="wx_based-2.8" />
					<Add library="wx_mswd_core-2.8" />
					<Add library="wx_mswd_richtext-2.8" />
					<Add library="wx_based_net-2.8" />
					<Add library="wx_mswd_adv-2.8" />
					<Add library="wx_mswd_qa-2.8" />
				</Linker>
				<Environment>
					<Variable name="WX_DIR" value="C:/wxWidgets-2.8.4" />
				</Environment>
			</Target>
			<Target title="Win32 | Profile">
				<Option output="bin/Win32/Profile/springlobby" prefix_auto="0" extension_auto="1" />
				<Option working_dir="$(WX_DIR)/lib/gcc_lib" />
				<Option object_output="obj/Win32/Profile/" />
				<Option type="0" />
				<Option compiler="gcc" />
				<Compiler>
					<Add option="-Wall" />
					<Add option="-pg" />
					<Add option="-pipe" />
					<Add option="-mthreads" />
					<Add option="-Winvalid-pch" />
					<Add option="-D__GNUWIN32__" />
					<Add option="-D__WXMSW__" />
					<Add option="-DWXUSINGDLL" />
					<Add option="-DUSE_PCH" />
					<Add option="-D__DEBUG__" />
					<Add option="-D__WXDEBUG__" />
					<Add option="-DNO_DEBUG_REPORT_UPLOAD" />
					<Add directory="$(WX_DIR)/include" />
					<Add directory="$(WX_DIR)/lib/gcc_dll/mswd" />
					<Add directory="$(WX_DIR)/contrib/include" />
				</Compiler>
				<ResourceCompiler>
					<Add directory="$(WX_DIR)/include" />
				</ResourceCompiler>
				<Linker>
					<Add option="-pg" />
					<Add library="libwxzlibd.a" />
					<Add library="libwxpngd.a" />
					<Add library="libwxjpegd.a" />
					<Add library="libwxtiffd.a" />
					<Add library="libwxexpatd.a" />
					<Add library="libwxmsw28d.a" />
					<Add library="libwxbase28d.a" />
					<Add library="libwxbase28d_net.a" />
					<Add library="libwxmsw28d_core.a" />
					<Add library="libwxmsw28d_adv.a" />
					<Add library="libwxmsw28d_media.a" />
					<Add library="libwxmsw28d_html.a" />
					<Add library="libwxbase28d_xml.a" />
					<Add library="libwxmsw28d_xrc.a" />
					<Add library="libwxmsw28d_aui.a" />
					<Add library="libwxmsw28d_richtext.a" />
					<Add library="wx_based-2.8" />
					<Add library="wx_mswd_core-2.8" />
					<Add library="wx_mswd_richtext-2.8" />
					<Add library="wx_based_net-2.8" />
					<Add library="wx_mswd_adv-2.8" />
					<Add library="wx_mswd_qa-2.8" />
					<Add directory="$(WX_DIR)/lib/gcc_dll" />
				</Linker>
				<Environment>
					<Variable name="WX_DIR" value="C:/wxWidgets-2.8.4" />
				</Environment>
			</Target>
			<Target title="GNU | Debug (wx29)">
				<Option output="bin/GNU/Debug/springlobby" prefix_auto="0" extension_auto="0" />
				<Option working_dir="bin/GNU/Debug/" />
				<Option object_output="obj/GNU/Debug/" />
				<Option type="1" />
				<Option compiler="gcc" />
				<Option parameters="-cl -nc" />
				<Option projectLinkerOptionsRelation="2" />
				<Compiler>
					<Add option="-Wall" />
					<Add option="-g" />
					<Add option="`/share/sources/wxsource/wxWidgets-svn/build-linux/wx-config --cflags`" />
					<Add option="`pkg-config --cflags libtorrent-rasterbar`" />
					<Add option="-Wno-strict-aliasing" />
					<Add option='-DVERSION=\\&quot;cb-Unix-Debug\\&quot;' />
					<Add option="-DNO_DEBUG_REPORT_UPLOAD" />
					<Add option="-DDISABLE_SOUND" />
				</Compiler>
				<Linker>
					<Add option="`/share/sources/wxsource/wxWidgets-svn/build-linux/wx-config --libs aui xml adv core base html net`" />
					<Add option="`pkg-config --libs libtorrent-rasterbar`" />
				</Linker>
				<ExtraCommands>
					<Add before="tools/test-susynclib.awk src/springunitsynclib.cpp" />
				</ExtraCommands>
			</Target>
		</Build>
		<Compiler>
			<Add option="-Wall" />
			<Add directory="src" />
		</Compiler>
		<Unit filename="src/Helper/TextCompletionDatabase.cpp" />
		<Unit filename="src/Helper/TextCompletionDatabase.hpp" />
		<Unit filename="src/Helper/colorbutton.cpp" />
		<Unit filename="src/Helper/colorbutton.h" />
		<Unit filename="src/Helper/imageviewer.cpp" />
		<Unit filename="src/Helper/imageviewer.h" />
		<Unit filename="src/Helper/slhtmlwindow.cpp" />
		<Unit filename="src/Helper/slhtmlwindow.h" />
		<Unit filename="src/Helper/sortutil.h" />
		<Unit filename="src/Helper/tasclientimport.cpp" />
		<Unit filename="src/Helper/tasclientimport.h" />
		<Unit filename="src/Helper/wxTranslationHelper.cpp" />
		<Unit filename="src/Helper/wxTranslationHelper.h" />
		<Unit filename="src/Helper/wxtextctrlhist.cpp" />
		<Unit filename="src/Helper/wxtextctrlhist.h" />
		<Unit filename="src/addbotdialog.cpp" />
		<Unit filename="src/addbotdialog.h" />
		<Unit filename="src/agreementdialog.cpp" />
		<Unit filename="src/agreementdialog.h" />
		<Unit filename="src/aui/artprovider.cpp" />
		<Unit filename="src/aui/artprovider.h" />
		<Unit filename="src/aui/auimanager.cpp" />
		<Unit filename="src/aui/auimanager.h" />
		<Unit filename="src/autobalancedialog.cpp" />
		<Unit filename="src/autobalancedialog.h" />
		<Unit filename="src/autohost.cpp" />
		<Unit filename="src/autohost.h" />
		<Unit filename="src/autopointers.h" />
		<Unit filename="src/base64.cpp" />
		<Unit filename="src/base64.h" />
		<Unit filename="src/battle.cpp" />
		<Unit filename="src/battle.h" />
		<Unit filename="src/battlelist.cpp" />
		<Unit filename="src/battlelist.h" />
		<Unit filename="src/battlelistctrl.cpp" />
		<Unit filename="src/battlelistctrl.h" />
		<Unit filename="src/battlelistfilter.cpp" />
		<Unit filename="src/battlelistfilter.h" />
		<Unit filename="src/battlelisttab.cpp" />
		<Unit filename="src/battlelisttab.h" />
		<Unit filename="src/battlemaptab.cpp" />
		<Unit filename="src/battlemaptab.h" />
		<Unit filename="src/battleoptionstab.cpp" />
		<Unit filename="src/battleoptionstab.h" />
		<Unit filename="src/battleroomlistctrl.cpp" />
		<Unit filename="src/battleroomlistctrl.h" />
		<Unit filename="src/battleroommmoptionstab.h" />
		<Unit filename="src/battleroomtab.cpp" />
		<Unit filename="src/battleroomtab.h" />
		<Unit filename="src/boost/md5.cpp" />
		<Unit filename="src/boost/md5.hpp" />
		<Unit filename="src/channel/autojoinchanneldialog.cpp" />
		<Unit filename="src/channel/autojoinchanneldialog.h" />
		<Unit filename="src/channel/channel.cpp" />
		<Unit filename="src/channel/channel.h" />
		<Unit filename="src/channel/channelchooser.cpp" />
		<Unit filename="src/channel/channelchooser.h" />
		<Unit filename="src/channel/channelchooserdialog.cpp" />
		<Unit filename="src/channel/channelchooserdialog.h" />
		<Unit filename="src/channel/channellist.cpp" />
		<Unit filename="src/channel/channellist.h" />
		<Unit filename="src/channel/channellistctrl.cpp" />
		<Unit filename="src/channel/channellistctrl.h" />
		<Unit filename="src/chatlog.cpp" />
		<Unit filename="src/chatlog.h" />
		<Unit filename="src/chatoptionstab.cpp" />
		<Unit filename="src/chatoptionstab.h" />
		<Unit filename="src/chatpanel.cpp" />
		<Unit filename="src/chatpanel.h" />
		<Unit filename="src/connectwindow.cpp" />
		<Unit filename="src/connectwindow.h" />
		<Unit filename="src/countrycodes.cpp" />
		<Unit filename="src/countrycodes.h" />
		<Unit filename="src/crashreport.cpp" />
		<Unit filename="src/crashreport.h" />
		<Unit filename="src/crc.cpp" />
		<Unit filename="src/crc.h" />
		<Unit filename="src/customlistctrl.cpp" />
		<Unit filename="src/customlistctrl.h" />
		<Unit filename="src/customvirtlistctrl.h" />
		<Unit filename="src/defines.h" />
		<Unit filename="src/filelister/filelistctrl.cpp" />
		<Unit filename="src/filelister/filelistctrl.h" />
		<Unit filename="src/filelister/filelistdialog.cpp" />
		<Unit filename="src/filelister/filelistdialog.h" />
		<Unit filename="src/filelister/filelistfilter.cpp" />
		<Unit filename="src/filelister/filelistfilter.h" />
		<Unit filename="src/flagimagedata.h" />
		<Unit filename="src/flagimages.cpp" />
		<Unit filename="src/flagimages.h" />
		<Unit filename="src/globalsmanager.cpp" />
		<Unit filename="src/globalsmanager.h" />
		<Unit filename="src/groupoptionspanel.cpp" />
		<Unit filename="src/groupoptionspanel.h" />
		<Unit filename="src/gui/simplefront.cpp" />
		<Unit filename="src/gui/simplefront.h" />
		<Unit filename="src/gui/skirmish_dialog.cpp" />
		<Unit filename="src/gui/skirmish_dialog.h" />
		<Unit filename="src/gui/wxbackgroundimage.cpp" />
		<Unit filename="src/gui/wxbackgroundimage.h" />
		<Unit filename="src/gui/wxgradientbutton.cpp" />
		<Unit filename="src/gui/wxgradientbutton.h" />
		<Unit filename="src/hostbattledialog.cpp" />
		<Unit filename="src/hostbattledialog.h" />
		<Unit filename="src/httpdownloader.h" />
		<Unit filename="src/ibattle.cpp" />
		<Unit filename="src/ibattle.h" />
		<Unit filename="src/iconimagelist.cpp" />
		<Unit filename="src/iconimagelist.h" />
		<Unit filename="src/images/battle.xpm" />
		<Unit filename="src/images/battle_list.xpm" />
		<Unit filename="src/images/battle_map.xpm" />
		<Unit filename="src/images/battle_settings.xpm" />
		<Unit filename="src/images/bot.xpm" />
		<Unit filename="src/images/channel.xpm" />
		<Unit filename="src/images/close.xpm" />
		<Unit filename="src/images/close_hi.xpm" />
		<Unit filename="src/images/colourbox.xpm" />
		<Unit filename="src/images/connect.xpm" />
		<Unit filename="src/images/down.xpm" />
		<Unit filename="src/images/exists.xpm" />
		<Unit filename="src/images/not_found_icon.xpm" />
		<Unit filename="src/images/nready_q.xpm" />
		<Unit filename="src/images/nready_unsync.xpm" />
		<Unit filename="src/images/rank0.xpm" />
		<Unit filename="src/images/rank1.xpm" />
		<Unit filename="src/images/rank2.xpm" />
		<Unit filename="src/images/rank3.xpm" />
		<Unit filename="src/images/rank4.xpm" />
		<Unit filename="src/images/ready_q.xpm" />
		<Unit filename="src/images/ready_unsync.xpm" />
		<Unit filename="src/images/select_icon.xpm" />
		<Unit filename="src/images/server.xpm" />
		<Unit filename="src/images/spectator.xpm" />
		<Unit filename="src/images/spring.xpm" />
		<Unit filename="src/images/springlobby.svg" />
		<Unit filename="src/images/springlobby.xpm" />
		<Unit filename="src/images/start_ally.xpm" />
		<Unit filename="src/images/start_enemy.xpm" />
		<Unit filename="src/images/start_unused.xpm" />
		<Unit filename="src/images/started_game.xpm" />
		<Unit filename="src/images/unknown_flag.xpm" />
		<Unit filename="src/images/up.xpm" />
		<Unit filename="src/images/userchat.xpm" />
		<Unit filename="src/inetclass.h" />
		<Unit filename="src/iunitsync.h" />
		<Unit filename="src/lobbyoptionstab.cpp" />
		<Unit filename="src/lobbyoptionstab.h" />
		<Unit filename="src/mainchattab.cpp" />
		<Unit filename="src/mainchattab.h" />
		<Unit filename="src/mainjoinbattletab.cpp" />
		<Unit filename="src/mainjoinbattletab.h" />
		<Unit filename="src/mainoptionstab.cpp" />
		<Unit filename="src/mainoptionstab.h" />
		<Unit filename="src/mainsingleplayertab.cpp" />
		<Unit filename="src/mainsingleplayertab.h" />
		<Unit filename="src/maintorrenttab.cpp" />
		<Unit filename="src/maintorrenttab.h" />
		<Unit filename="src/mainwindow.cpp" />
		<Unit filename="src/mainwindow.h" />
		<Unit filename="src/mapctrl.cpp" />
		<Unit filename="src/mapctrl.h" />
		<Unit filename="src/mapgridctrl.cpp" />
		<Unit filename="src/mapgridctrl.h" />
		<Unit filename="src/mapselectdialog.cpp" />
		<Unit filename="src/mapselectdialog.h" />
		<Unit filename="src/mmoptionmodel.cpp" />
		<Unit filename="src/mmoptionmodel.h" />
		<Unit filename="src/mmoptionswrapper.cpp" />
		<Unit filename="src/mmoptionswrapper.h" />
		<Unit filename="src/mmoptionwindows.cpp" />
		<Unit filename="src/mmoptionwindows.h" />
		<Unit filename="src/nicklistctrl.cpp" />
		<Unit filename="src/nicklistctrl.h" />
		<Unit filename="src/nonportable.h" />
		<Unit filename="src/offlinebattle.cpp" />
		<Unit filename="src/playback/playbackfilter.h" />
		<Unit filename="src/playback/playbackfiltervalues.h" />
		<Unit filename="src/playback/playbacklist.h" />
		<Unit filename="src/playback/playbacklistctrl.h" />
		<Unit filename="src/playback/playbackstructs.h" />
		<Unit filename="src/playback/playbacktab.h" />
		<Unit filename="src/playback/playbackthread.h" />
		<Unit filename="src/playback/playbacktraits.h" />
		<Unit filename="src/playback/replaylist.cpp" />
		<Unit filename="src/playback/replaylist.h" />
		<Unit filename="src/playback/savegamelist.cpp" />
		<Unit filename="src/playback/savegamelist.h" />
		<Unit filename="src/poolmanager.cpp" />
		<Unit filename="src/poolmanager.h" />
		<Unit filename="src/sdlsound.cpp" />
		<Unit filename="src/sdlsound.h" />
		<Unit filename="src/selectusersdialog.cpp" />
		<Unit filename="src/selectusersdialog.h" />
		<Unit filename="src/server.cpp" />
		<Unit filename="src/server.h" />
		<Unit filename="src/serverevents.cpp" />
		<Unit filename="src/serverevents.h" />
		<Unit filename="src/settings++/Defs.hpp" />
		<Unit filename="src/settings++/frame.cpp" />
		<Unit filename="src/settings++/frame.h" />
		<Unit filename="src/settings++/helpmenufunctions.cpp" />
		<Unit filename="src/settings++/helpmenufunctions.h" />
		<Unit filename="src/settings++/panel_pathoption.cpp" />
		<Unit filename="src/settings++/panel_pathoption.h" />
		<Unit filename="src/settings++/presets.h" />
		<Unit filename="src/settings++/se_utils.cpp" />
		<Unit filename="src/settings++/se_utils.h" />
		<Unit filename="src/settings++/tab_abstract.cpp" />
		<Unit filename="src/settings++/tab_abstract.h" />
		<Unit filename="src/settings++/tab_audio.cpp" />
		<Unit filename="src/settings++/tab_audio.h" />
		<Unit filename="src/settings++/tab_debug.cpp" />
		<Unit filename="src/settings++/tab_debug.h" />
		<Unit filename="src/settings++/tab_quality_video.cpp" />
		<Unit filename="src/settings++/tab_quality_video.h" />
		<Unit filename="src/settings++/tab_render_detail.cpp" />
		<Unit filename="src/settings++/tab_render_detail.h" />
		<Unit filename="src/settings++/tab_simple.cpp" />
		<Unit filename="src/settings++/tab_simple.h" />
		<Unit filename="src/settings++/tab_ui.cpp" />
		<Unit filename="src/settings++/tab_ui.h" />
		<Unit filename="src/settings.cpp" />
		<Unit filename="src/settings.h" />
		<Unit filename="src/singleplayerbattle.cpp" />
		<Unit filename="src/singleplayerbattle.h" />
		<Unit filename="src/singleplayertab.cpp" />
		<Unit filename="src/singleplayertab.h" />
		<Unit filename="src/socket.cpp" />
		<Unit filename="src/socket.h" />
		<Unit filename="src/sounds/pm_sound.h" />
		<Unit filename="src/sounds/ring_sound.h" />
		<Unit filename="src/spinctld.cpp" />
		<Unit filename="src/spinctld.h" />
		<Unit filename="src/spring.cpp" />
		<Unit filename="src/spring.h" />
		<Unit filename="src/springlobby.rc">
			<Option compilerVar="WINDRES" />
			<Option target="Win32 | Debug" />
			<Option target="Win32 | Profile" />
		</Unit>
		<Unit filename="src/springlobbyapp.cpp" />
		<Unit filename="src/springlobbyapp.h" />
		<Unit filename="src/springoptionstab.cpp" />
		<Unit filename="src/springoptionstab.h" />
		<Unit filename="src/springprocess.cpp" />
		<Unit filename="src/springprocess.h" />
		<Unit filename="src/springunitsync.cpp" />
		<Unit filename="src/springunitsync.h" />
		<Unit filename="src/springunitsynclib.cpp" />
		<Unit filename="src/springunitsynclib.h" />
		<Unit filename="src/tasserver.cpp" />
		<Unit filename="src/tasserver.h" />
		<Unit filename="src/tasservertokentable.h" />
		<Unit filename="src/tdfcontainer.cpp" />
		<Unit filename="src/tdfcontainer.h" />
		<Unit filename="src/thread.cpp" />
		<Unit filename="src/thread.h" />
		<Unit filename="src/torrentlistctrl.cpp" />
		<Unit filename="src/torrentlistctrl.h" />
		<Unit filename="src/torrentoptionspanel.cpp" />
		<Unit filename="src/torrentoptionspanel.h" />
		<Unit filename="src/torrentwrapper.cpp" />
		<Unit filename="src/torrentwrapper.h" />
		<Unit filename="src/ui.cpp" />
		<Unit filename="src/ui.h" />
		<Unit filename="src/uiutils.cpp" />
		<Unit filename="src/uiutils.h" />
		<Unit filename="src/unitsyncthread.cpp" />
		<Unit filename="src/unitsyncthread.h" />
		<Unit filename="src/updater/updater.cpp" />
		<Unit filename="src/updater/updater.h" />
		<Unit filename="src/updater/updatermainwindow.cpp" />
		<Unit filename="src/updater/updatermainwindow.h" />
		<Unit filename="src/updater/versionchecker.cpp" />
		<Unit filename="src/updater/versionchecker.h" />
		<Unit filename="src/user.cpp" />
		<Unit filename="src/user.h" />
		<Unit filename="src/useractions.cpp" />
		<Unit filename="src/useractions.h" />
		<Unit filename="src/userlist.cpp" />
		<Unit filename="src/userlist.h" />
		<Unit filename="src/userlistctrl.cpp" />
		<Unit filename="src/userlistctrl.h" />
		<Unit filename="src/utils/activitynotice.cpp" />
		<Unit filename="src/utils/activitynotice.h" />
		<Unit filename="src/utils/controls.cpp" />
		<Unit filename="src/utils/controls.h" />
		<Unit filename="src/utils/conversion.cpp" />
		<Unit filename="src/utils/conversion.h" />
		<Unit filename="src/utils/customdialogs.cpp" />
		<Unit filename="src/utils/customdialogs.h" />
		<Unit filename="src/utils/debug.cpp" />
		<Unit filename="src/utils/debug.h" />
		<Unit filename="src/utils/events.h" />
		<Unit filename="src/utils/globalevents.cpp" />
		<Unit filename="src/utils/globalevents.h" />
		<Unit filename="src/utils/isink.h" />
		<Unit filename="src/utils/math.cpp" />
		<Unit filename="src/utils/math.h" />
		<Unit filename="src/utils/misc.cpp" />
		<Unit filename="src/utils/misc.h" />
		<Unit filename="src/utils/networkevents.cpp" />
		<Unit filename="src/utils/networkevents.h" />
		<Unit filename="src/utils/platform.cpp" />
		<Unit filename="src/utils/platform.h" />
		<Unit filename="src/utils/sltipwin.cpp" />
		<Unit filename="src/utils/sltipwin.h" />
		<Unit filename="src/utils/tasutil.cpp" />
		<Unit filename="src/utils/tasutil.h" />
		<Unit filename="src/utils/uievents.cpp" />
		<Unit filename="src/utils/uievents.h" />
		<Unit filename="src/widgets/downloaddialog.cpp" />
		<Unit filename="src/widgets/downloaddialog.h" />
		<Unit filename="src/widgets/downloadlistctrl.cpp" />
		<Unit filename="src/widgets/downloadlistctrl.h" />
		<Unit filename="src/widgets/downloadpanel.cpp" />
		<Unit filename="src/widgets/downloadpanel.h" />
		<Unit filename="src/widgets/infopanel.cpp" />
		<Unit filename="src/widgets/infopanel.h" />
		<Unit filename="src/widgets/widget.cpp" />
		<Unit filename="src/widgets/widget.h" />
		<Unit filename="wxsmith/AutoBalanceDialog.wxs" />
		<Unit filename="wxsmith/MainTorrentTab.wxs" />
		<Unit filename="wxsmith/MapSelectDialog.wxs" />
		<Extensions>
			<code_completion />
			<envvars />
			<wxsmith version="1">
				<gui name="wxWidgets" src="" main="" init_handlers="necessary" language="CPP" />
				<resources>
					<wxDialog wxs="wxsmith/AutoBalanceDialog.wxs" src="src/autobalancedialog.cpp" hdr="src/autobalancedialog.h" name="AutoBalanceDialog" language="CPP" />
					<wxFrame wxs="wxsmith/MainTorrentTab.wxs" src="MainTorrentTab.cpp" hdr="MainTorrentTab.h" name="MainTorrentTab" language="CPP" />
					<wxDialog wxs="wxsmith/MapSelectDialog.wxs" src="src/mapselectdialog.cpp" hdr="src/mapselectdialog.h" fwddecl="1" name="MapSelectDialog" language="CPP" />
				</resources>
			</wxsmith>
			<debugger />
		</Extensions>
	</Project>
</CodeBlocks_project_file>
