
Microsoft Visual Studio Solution File, Format Version 10.00
# Visual C++ Express 2008
Project("{8BC9CEB8-8B4A-11D0-8D11-00A0C91BC942}") = "SpringLobby", "SpringLobby.vcproj", "{0AA3BE05-D9EE-47B6-BC1C-A78193BC550F}"
EndProject
Project("{8BC9CEB8-8B4A-11D0-8D11-00A0C91BC942}") = "libtorrent", "libtorrent.vcproj", "{D20EDE2D-22F5-4EB1-A03D-416C6553EC18}"
EndProject
Global
	GlobalSection(SolutionConfigurationPlatforms) = preSolution
		Debug with libtorrent|Win32 = Debug with libtorrent|Win32
		Debug|Win32 = Debug|Win32
		Release with libtorrent|Win32 = Release with libtorrent|Win32
		Release|Win32 = Release|Win32
	EndGlobalSection
	GlobalSection(ProjectConfigurationPlatforms) = postSolution
		{0AA3BE05-D9EE-47B6-BC1C-A78193BC550F}.Debug with libtorrent|Win32.ActiveCfg = Debug with libtorrent|Win32
		{0AA3BE05-D9EE-47B6-BC1C-A78193BC550F}.Debug with libtorrent|Win32.Build.0 = Debug with libtorrent|Win32
		{0AA3BE05-D9EE-47B6-BC1C-A78193BC550F}.Debug|Win32.ActiveCfg = Debug|Win32
		{0AA3BE05-D9EE-47B6-BC1C-A78193BC550F}.Debug|Win32.Build.0 = Debug|Win32
		{0AA3BE05-D9EE-47B6-BC1C-A78193BC550F}.Release with libtorrent|Win32.ActiveCfg = Release with libtorrent|Win32
		{0AA3BE05-D9EE-47B6-BC1C-A78193BC550F}.Release with libtorrent|Win32.Build.0 = Release with libtorrent|Win32
		{0AA3BE05-D9EE-47B6-BC1C-A78193BC550F}.Release|Win32.ActiveCfg = Release|Win32
		{0AA3BE05-D9EE-47B6-BC1C-A78193BC550F}.Release|Win32.Build.0 = Release|Win32
		{D20EDE2D-22F5-4EB1-A03D-416C6553EC18}.Debug with libtorrent|Win32.ActiveCfg = Debug with libtorrent|Win32
		{D20EDE2D-22F5-4EB1-A03D-416C6553EC18}.Debug with libtorrent|Win32.Build.0 = Debug with libtorrent|Win32
		{D20EDE2D-22F5-4EB1-A03D-416C6553EC18}.Debug|Win32.ActiveCfg = Debug|Win32
		{D20EDE2D-22F5-4EB1-A03D-416C6553EC18}.Debug|Win32.Build.0 = Debug|Win32
		{D20EDE2D-22F5-4EB1-A03D-416C6553EC18}.Release with libtorrent|Win32.ActiveCfg = Release with libtorrent|Win32
		{D20EDE2D-22F5-4EB1-A03D-416C6553EC18}.Release with libtorrent|Win32.Build.0 = Release with libtorrent|Win32
		{D20EDE2D-22F5-4EB1-A03D-416C6553EC18}.Release|Win32.ActiveCfg = Release|Win32
		{D20EDE2D-22F5-4EB1-A03D-416C6553EC18}.Release|Win32.Build.0 = Release|Win32
	EndGlobalSection
	GlobalSection(SolutionProperties) = preSolution
		HideSolutionNode = FALSE
	EndGlobalSection
EndGlobal
