<?xml version="1.0"?>
<!DOCTYPE CodeBlocks_project_file>
<CodeBlocks_project_file>
	<FileVersion major="1" minor="1"/>
	<Project>
		<Option title="springlobby"/>
		<Option makefile="Makefile"/>
		<Option makefile_is_custom="0"/>
		<Option active_target="1"/>
		<Option compiler="0"/>
		<Build>
			<Target title="GNU | Debug">
				<Option output="bin\GNU\Debug\springlobby"/>
				<Option working_dir="src"/>
				<Option object_output="obj\GNU\Debug\"/>
				<Option deps_output=".deps"/>
				<Option type="0"/>
				<Option compiler="0"/>
				<Option projectLinkerOptionsRelation="2"/>
				<Option projectResourceIncludeDirsRelation="0"/>
				<Compiler>
					<Add option="-g"/>
					<Add option="`wx-config --cflags`"/>
				</Compiler>
				<Linker>
					<Add option="`wx-config --libs`"/>
				</Linker>
			</Target>
			<Target title="Win32 | Debug">
				<Option output=".\bin\Win32\Debug\springlobby"/>
				<Option working_dir=".\bin\Win32\Debug\"/>
				<Option object_output=".\obj\Win32\Debug\"/>
				<Option deps_output=".deps"/>
				<Option type="0"/>
				<Option compiler="0"/>
				<Option projectResourceIncludeDirsRelation="0"/>
				<Compiler>
					<Add option="-Wall"/>
					<Add option="-g"/>
					<Add option="-pipe"/>
					<Add option="-mthreads"/>
					<Add option="-Winvalid-pch"/>
					<Add option="-D__GNUWIN32__"/>
					<Add option="-D__WXMSW__"/>
					<Add option="-DWXUSINGDLL"/>
					<Add option="-DUSE_PCH"/>
					<Add directory="$(WX_DIR)\include"/>
					<Add directory="$(WX_DIR)\lib\gcc_dll$(WX_CFG)\msw"/>
					<Add directory="$(WX_DIR)\contrib\include"/>
				</Compiler>
				<ResourceCompiler>
					<Add directory="$(WX_DIR)\include"/>
				</ResourceCompiler>
				<Linker>
					<Add library="wxmsw28"/>
					<Add directory="$(WX_DIR)\lib\gcc_dll$(WX_CFG)"/>
				</Linker>
				<Environment>
					<Variable name="WX_DIR" value="C:\wxWidgets-2.8.4"/>
					<Variable name="WX_CFG" value=""/>
				</Environment>
			</Target>
		</Build>
		<Compiler>
			<Add option="-Wall"/>
			<Add option="-pg"/>
			<Add directory="src"/>
		</Compiler>
		<Linker>
			<Add option="-pg -lgmon"/>
			<Add option="-pg"/>
		</Linker>
		<Unit filename="src\agreementdialog.cpp">
			<Option compilerVar="CPP"/>
			<Option target="GNU | Debug"/>
			<Option target="Win32 | Debug"/>
		</Unit>
		<Unit filename="src\agreementdialog.h">
			<Option compilerVar=""/>
			<Option compile="0"/>
			<Option link="0"/>
			<Option target="GNU | Debug"/>
			<Option target="Win32 | Debug"/>
		</Unit>
		<Unit filename="src\base64.cpp">
			<Option compilerVar="CPP"/>
			<Option target="GNU | Debug"/>
			<Option target="Win32 | Debug"/>
		</Unit>
		<Unit filename="src\base64.h">
			<Option compilerVar="CPP"/>
		</Unit>
		<Unit filename="src\battle.cpp">
			<Option compilerVar="CPP"/>
			<Option target="GNU | Debug"/>
			<Option target="Win32 | Debug"/>
		</Unit>
		<Unit filename="src\battle.h">
			<Option compilerVar="CPP"/>
		</Unit>
		<Unit filename="src\battlelist.cpp">
			<Option compilerVar="CPP"/>
			<Option target="GNU | Debug"/>
			<Option target="Win32 | Debug"/>
		</Unit>
		<Unit filename="src\battlelist.h">
			<Option compilerVar="CPP"/>
		</Unit>
		<Unit filename="src\battlelistctrl.cpp">
			<Option compilerVar="CPP"/>
			<Option target="GNU | Debug"/>
			<Option target="Win32 | Debug"/>
		</Unit>
		<Unit filename="src\battlelistctrl.h">
			<Option compilerVar="CPP"/>
		</Unit>
		<Unit filename="src\battlelisttab.cpp">
			<Option compilerVar="CPP"/>
			<Option target="GNU | Debug"/>
			<Option target="Win32 | Debug"/>
		</Unit>
		<Unit filename="src\battlelisttab.h">
			<Option compilerVar="CPP"/>
		</Unit>
		<Unit filename="src\battlemaptab.cpp">
			<Option compilerVar="CPP"/>
			<Option target="GNU | Debug"/>
			<Option target="Win32 | Debug"/>
		</Unit>
		<Unit filename="src\battlemaptab.h">
			<Option compilerVar="CPP"/>
		</Unit>
		<Unit filename="src\battleoptionstab.cpp">
			<Option compilerVar="CPP"/>
			<Option target="GNU | Debug"/>
			<Option target="Win32 | Debug"/>
		</Unit>
		<Unit filename="src\battleoptionstab.h">
			<Option compilerVar=""/>
			<Option compile="0"/>
			<Option link="0"/>
			<Option target="GNU | Debug"/>
			<Option target="Win32 | Debug"/>
		</Unit>
		<Unit filename="src\battleroomlistctrl.cpp">
			<Option compilerVar="CPP"/>
			<Option target="GNU | Debug"/>
			<Option target="Win32 | Debug"/>
		</Unit>
		<Unit filename="src\battleroomlistctrl.h">
			<Option compilerVar="CPP"/>
		</Unit>
		<Unit filename="src\battleroomtab.cpp">
			<Option compilerVar="CPP"/>
			<Option target="GNU | Debug"/>
			<Option target="Win32 | Debug"/>
		</Unit>
		<Unit filename="src\battleroomtab.h">
			<Option compilerVar="CPP"/>
		</Unit>
		<Unit filename="src\boost\md5.cpp">
			<Option compilerVar="CPP"/>
			<Option target="GNU | Debug"/>
			<Option target="Win32 | Debug"/>
		</Unit>
		<Unit filename="src\boost\md5.hpp">
			<Option compilerVar="CPP"/>
		</Unit>
		<Unit filename="src\channel.cpp">
			<Option compilerVar="CPP"/>
			<Option target="GNU | Debug"/>
			<Option target="Win32 | Debug"/>
		</Unit>
		<Unit filename="src\channel.h">
			<Option compilerVar="CPP"/>
		</Unit>
		<Unit filename="src\channellist.cpp">
			<Option compilerVar="CPP"/>
			<Option target="GNU | Debug"/>
			<Option target="Win32 | Debug"/>
		</Unit>
		<Unit filename="src\channellist.h">
			<Option compilerVar="CPP"/>
		</Unit>
		<Unit filename="src\chatpanel.cpp">
			<Option compilerVar="CPP"/>
			<Option target="GNU | Debug"/>
			<Option target="Win32 | Debug"/>
		</Unit>
		<Unit filename="src\chatpanel.h">
			<Option compilerVar="CPP"/>
		</Unit>
		<Unit filename="src\connectwindow.cpp">
			<Option compilerVar="CPP"/>
			<Option target="GNU | Debug"/>
			<Option target="Win32 | Debug"/>
		</Unit>
		<Unit filename="src\connectwindow.h">
			<Option compilerVar="CPP"/>
		</Unit>
		<Unit filename="src\flagimagedata.h">
			<Option compilerVar="CPP"/>
		</Unit>
		<Unit filename="src\flagimages.cpp">
			<Option compilerVar="CPP"/>
			<Option target="GNU | Debug"/>
			<Option target="Win32 | Debug"/>
		</Unit>
		<Unit filename="src\flagimages.h">
			<Option compilerVar="CPP"/>
		</Unit>
		<Unit filename="src\hostbattledialog.cpp">
			<Option compilerVar="CPP"/>
			<Option target="GNU | Debug"/>
			<Option target="Win32 | Debug"/>
		</Unit>
		<Unit filename="src\hostbattledialog.h">
			<Option compilerVar=""/>
			<Option compile="0"/>
			<Option link="0"/>
			<Option target="GNU | Debug"/>
			<Option target="Win32 | Debug"/>
		</Unit>
		<Unit filename="src\iconimagelist.cpp">
			<Option compilerVar="CPP"/>
			<Option target="GNU | Debug"/>
			<Option target="Win32 | Debug"/>
		</Unit>
		<Unit filename="src\iconimagelist.h">
			<Option compilerVar="CPP"/>
		</Unit>
		<Unit filename="src\iunitsync.h">
			<Option compilerVar="CPP"/>
		</Unit>
		<Unit filename="src\mainchattab.cpp">
			<Option compilerVar="CPP"/>
			<Option target="GNU | Debug"/>
			<Option target="Win32 | Debug"/>
		</Unit>
		<Unit filename="src\mainchattab.h">
			<Option compilerVar="CPP"/>
		</Unit>
		<Unit filename="src\mainjoinbattletab.cpp">
			<Option compilerVar="CPP"/>
			<Option target="GNU | Debug"/>
			<Option target="Win32 | Debug"/>
		</Unit>
		<Unit filename="src\mainjoinbattletab.h">
			<Option compilerVar="CPP"/>
		</Unit>
		<Unit filename="src\mainoptionstab.cpp">
			<Option compilerVar="CPP"/>
			<Option target="GNU | Debug"/>
			<Option target="Win32 | Debug"/>
		</Unit>
		<Unit filename="src\mainoptionstab.h">
			<Option compilerVar="CPP"/>
		</Unit>
		<Unit filename="src\mainwindow.cpp">
			<Option compilerVar="CPP"/>
			<Option target="GNU | Debug"/>
			<Option target="Win32 | Debug"/>
		</Unit>
		<Unit filename="src\mainwindow.h">
			<Option compilerVar="CPP"/>
		</Unit>
		<Unit filename="src\mapctrl.cpp">
			<Option compilerVar="CPP"/>
			<Option target="GNU | Debug"/>
			<Option target="Win32 | Debug"/>
		</Unit>
		<Unit filename="src\mapctrl.h">
			<Option compilerVar="CPP"/>
		</Unit>
		<Unit filename="src\nicklistctrl.cpp">
			<Option compilerVar="CPP"/>
			<Option target="GNU | Debug"/>
			<Option target="Win32 | Debug"/>
		</Unit>
		<Unit filename="src\nicklistctrl.h">
			<Option compilerVar="CPP"/>
		</Unit>
		<Unit filename="src\nonportable.h">
			<Option compilerVar=""/>
			<Option compile="0"/>
			<Option link="0"/>
			<Option target="GNU | Debug"/>
			<Option target="Win32 | Debug"/>
		</Unit>
		<Unit filename="src\server.cpp">
			<Option compilerVar="CPP"/>
			<Option target="GNU | Debug"/>
			<Option target="Win32 | Debug"/>
		</Unit>
		<Unit filename="src\server.h">
			<Option compilerVar="CPP"/>
		</Unit>
		<Unit filename="src\serverevents.cpp">
			<Option compilerVar="CPP"/>
			<Option target="GNU | Debug"/>
			<Option target="Win32 | Debug"/>
		</Unit>
		<Unit filename="src\serverevents.h">
			<Option compilerVar="CPP"/>
		</Unit>
		<Unit filename="src\settings.cpp">
			<Option compilerVar="CPP"/>
			<Option target="GNU | Debug"/>
			<Option target="Win32 | Debug"/>
		</Unit>
		<Unit filename="src\settings.h">
			<Option compilerVar="CPP"/>
		</Unit>
		<Unit filename="src\socket.cpp">
			<Option compilerVar="CPP"/>
			<Option target="GNU | Debug"/>
			<Option target="Win32 | Debug"/>
		</Unit>
		<Unit filename="src\socket.h">
			<Option compilerVar="CPP"/>
		</Unit>
		<Unit filename="src\spring.cpp">
			<Option compilerVar="CPP"/>
			<Option target="GNU | Debug"/>
			<Option target="Win32 | Debug"/>
		</Unit>
		<Unit filename="src\spring.h">
			<Option compilerVar="CPP"/>
		</Unit>
		<Unit filename="src\springlobbyapp.cpp">
			<Option compilerVar="CPP"/>
			<Option target="GNU | Debug"/>
			<Option target="Win32 | Debug"/>
		</Unit>
		<Unit filename="src\springlobbyapp.h">
			<Option compilerVar="CPP"/>
		</Unit>
		<Unit filename="src\springoptionstab.cpp">
			<Option compilerVar="CPP"/>
			<Option target="GNU | Debug"/>
			<Option target="Win32 | Debug"/>
		</Unit>
		<Unit filename="src\springoptionstab.h">
			<Option compilerVar="CPP"/>
		</Unit>
		<Unit filename="src\springprocess.cpp">
			<Option compilerVar="CPP"/>
			<Option target="GNU | Debug"/>
			<Option target="Win32 | Debug"/>
		</Unit>
		<Unit filename="src\springprocess.h">
			<Option compilerVar="CPP"/>
		</Unit>
		<Unit filename="src\springunitsync.cpp">
			<Option compilerVar="CPP"/>
			<Option target="GNU | Debug"/>
			<Option target="Win32 | Debug"/>
		</Unit>
		<Unit filename="src\springunitsync.h">
			<Option compilerVar="CPP"/>
		</Unit>
		<Unit filename="src\tasserver.cpp">
			<Option compilerVar="CPP"/>
			<Option target="GNU | Debug"/>
			<Option target="Win32 | Debug"/>
		</Unit>
		<Unit filename="src\tasserver.h">
			<Option compilerVar="CPP"/>
		</Unit>
		<Unit filename="src\ui.cpp">
			<Option compilerVar="CPP"/>
			<Option target="GNU | Debug"/>
			<Option target="Win32 | Debug"/>
		</Unit>
		<Unit filename="src\ui.h">
			<Option compilerVar="CPP"/>
		</Unit>
		<Unit filename="src\uiutils.cpp">
			<Option compilerVar="CPP"/>
			<Option target="GNU | Debug"/>
			<Option target="Win32 | Debug"/>
		</Unit>
		<Unit filename="src\uiutils.h">
			<Option compilerVar="CPP"/>
		</Unit>
		<Unit filename="src\user.cpp">
			<Option compilerVar="CPP"/>
			<Option target="GNU | Debug"/>
			<Option target="Win32 | Debug"/>
		</Unit>
		<Unit filename="src\user.h">
			<Option compilerVar="CPP"/>
		</Unit>
		<Unit filename="src\userlist.cpp">
			<Option compilerVar="CPP"/>
			<Option target="GNU | Debug"/>
			<Option target="Win32 | Debug"/>
		</Unit>
		<Unit filename="src\userlist.h">
			<Option compilerVar="CPP"/>
		</Unit>
		<Unit filename="src\utils.cpp">
			<Option compilerVar="CPP"/>
			<Option target="GNU | Debug"/>
			<Option target="Win32 | Debug"/>
		</Unit>
		<Unit filename="src\utils.h">
			<Option compilerVar="CPP"/>
		</Unit>
	</Project>
</CodeBlocks_project_file>
